# This file is automatically @generated by Cargo.
# It is not intended for manual editing.
version = 3

[[package]]
name = "bencode"
version = "0.1.0"
source = "git+https://github.com/Rudranil-Sarkar/Bencode-parser-rust#6fb14f5854d9d2f22ebced52bf36adc4b42adb59"

[[package]]
name = "wolf-torrent"
version = "0.1.0"
dependencies = [
 "bencode",
]
